DEPENDENCIES
  dummy
    git: git@github.com:abhijith/dummy-cookbook.git
    revision: 352df5e1fea0ca36029a38a3c6df9e94152b599b

GRAPH
  apt (2.7.0)
  aws (2.7.1)
  build-essential (2.2.3)
  chef-sugar (3.1.0)
  chef_handler (1.1.9)
  database (2.3.1)
    aws (>= 0.0.0)
    mysql (~> 5.0)
    mysql-chef_gem (~> 0.0)
    postgresql (>= 1.0.0)
    xfs (>= 0.0.0)
  dmg (2.2.2)
  dummy (1.0.0)
    apt (>= 0.0.0)
    build-essential (>= 0.0.0)
    database (= 2.3.1)
    git (= 4.0.2)
    mysql (= 5.6.1)
    mysql-chef_gem (= 0.0.5)
    runit (>= 0.0.0)
  git (4.0.2)
    build-essential (>= 0.0.0)
    dmg (>= 0.0.0)
    runit (>= 1.0.0)
    windows (>= 0.0.0)
    yum (~> 3.0)
    yum-epel (>= 0.0.0)
  mysql (5.6.1)
    yum-mysql-community (>= 0.0.0)
  mysql-chef_gem (0.0.5)
    build-essential (>= 0.0.0)
    mysql (>= 0.0.0)
  openssl (4.0.0)
    chef-sugar (>= 0.0.0)
  packagecloud (0.0.18)
  postgresql (3.4.20)
    apt (>= 1.9.0)
    build-essential (>= 0.0.0)
    openssl (~> 4.0.0)
  runit (1.6.0)
    packagecloud (>= 0.0.0)
  windows (1.37.0)
    chef_handler (>= 0.0.0)
  xfs (1.1.0)
  yum (3.6.1)
  yum-epel (0.6.0)
    yum (~> 3.0)
  yum-mysql-community (0.1.17)
    yum (>= 3.0)
